
Microsoft Visual Studio Solution File, Format Version 12.00
# Visual Studio Version 17
VisualStudioVersion = 17.6.33723.286
MinimumVisualStudioVersion = 10.0.40219.1
Project("{FAE04EC0-301F-11D3-BF4B-00C04F79EFBC}") = "JoesFunny", "JoesFunny\JoesFunny.csproj", "{B73ECE79-88AA-4DF1-B7C8-D3776C23B80F}"
EndProject
Global
	GlobalSection(SolutionConfigurationPlatforms) = preSolution
		Debug|Any CPU = Debug|Any CPU
		Release|Any CPU = Release|Any CPU
	EndGlobalSection
	GlobalSection(ProjectConfigurationPlatforms) = postSolution
		{B73ECE79-88AA-4DF1-B7C8-D3776C23B80F}.Debug|Any CPU.ActiveCfg = Debug|Any CPU
		{B73ECE79-88AA-4DF1-B7C8-D3776C23B80F}.Debug|Any CPU.Build.0 = Debug|Any CPU
		{B73ECE79-88AA-4DF1-B7C8-D3776C23B80F}.Release|Any CPU.ActiveCfg = Release|Any CPU
		{B73ECE79-88AA-4DF1-B7C8-D3776C23B80F}.Release|Any CPU.Build.0 = Release|Any CPU
	EndGlobalSection
	GlobalSection(SolutionProperties) = preSolution
		HideSolutionNode = FALSE
	EndGlobalSection
	GlobalSection(ExtensibilityGlobals) = postSolution
		SolutionGuid = {A3C1DBC4-4F0E-40D1-AA50-8A881EC3453B}
	EndGlobalSection
EndGlobal
